# Generated by pub
# See https://dart.dev/tools/pub/glossary#lockfile
packages:
  async:
    dependency: transitive
    description:
      name: async
      sha256: bfe67ef28df125b7dddcea62755991f807aa39a2492a23e1550161692950bbe0
      url: "https://pub.dev"
    source: hosted
    version: "2.10.0"
  blurry_modal_progress_hud:
    dependency: "direct main"
    description:
      name: blurry_modal_progress_hud
      sha256: f3b176830f026bbe0f477029c785b1c3a842f2bb4393da05cc7ef7eb0587f25c
      url: "https://pub.dev"
    source: hosted
    version: "1.1.1"
  boolean_selector:
    dependency: transitive
    description:
      name: boolean_selector
      sha256: "6cfb5af12253eaf2b368f07bacc5a80d1301a071c73360d746b7f2e32d762c66"
      url: "https://pub.dev"
    source: hosted
    version: "2.1.1"
  characters:
    dependency: transitive
    description:
      name: characters
      sha256: e6a326c8af69605aec75ed6c187d06b349707a27fbff8222ca9cc2cff167975c
      url: "https://pub.dev"
    source: hosted
    version: "1.2.1"
  clock:
    dependency: transitive
    description:
      name: clock
      sha256: cb6d7f03e1de671e34607e909a7213e31d7752be4fb66a86d29fe1eb14bfb5cf
      url: "https://pub.dev"
    source: hosted
    version: "1.1.1"
  collection:
    dependency: transitive
    description:
      name: collection
      sha256: cfc915e6923fe5ce6e153b0723c753045de46de1b4d63771530504004a45fae0
      url: "https://pub.dev"
    source: hosted
    version: "1.17.0"
  cross_file:
    dependency: "direct main"
    description:
      name: cross_file
      sha256: "7632a2bcddc8cef4afde3c6f80e69b29a7060e176f01119c229fe4eb3a2a3d4f"
      url: "https://pub.dev"
    source: hosted
    version: "0.3.3+1"
  desktop_drop:
    dependency: "direct main"
    description:
      name: desktop_drop
      sha256: "0cd056191b701a2b5ba040f2306349e461fafdaa5df4569b2228cdf87b58eced"
      url: "https://pub.dev"
    source: hosted
    version: "0.3.3"
  dio:
    dependency: "direct main"
    description:
      name: dio
      sha256: "7d328c4d898a61efc3cd93655a0955858e29a0aa647f0f9e02d59b3bb275e2e8"
      url: "https://pub.dev"
    source: hosted
    version: "4.0.6"
  fading_edge_scrollview:
    dependency: transitive
    description:
      name: fading_edge_scrollview
      sha256: c25c2231652ce774cc31824d0112f11f653881f43d7f5302c05af11942052031
      url: "https://pub.dev"
    source: hosted
    version: "3.0.0"
  fake_async:
    dependency: transitive
    description:
      name: fake_async
      sha256: "511392330127add0b769b75a987850d136345d9227c6b94c96a04cf4a391bf78"
      url: "https://pub.dev"
    source: hosted
    version: "1.3.1"
  flutter:
    dependency: "direct main"
    description: flutter
    source: sdk
    version: "0.0.0"
  flutter_dropdown_alert:
    dependency: "direct main"
    description:
      name: flutter_dropdown_alert
      sha256: "5d58b6edd6f478e36ef33187999c77139f983ea0fc54cda10ddddc35c585a2f8"
      url: "https://pub.dev"
    source: hosted
    version: "1.0.7"
  flutter_lints:
    dependency: "direct dev"
    description:
      name: flutter_lints
      sha256: aeb0b80a8b3709709c9cc496cdc027c5b3216796bc0af0ce1007eaf24464fd4c
      url: "https://pub.dev"
    source: hosted
    version: "2.0.1"
  flutter_spinkit:
    dependency: "direct main"
    description:
      name: flutter_spinkit
      sha256: b39c753e909d4796906c5696a14daf33639a76e017136c8d82bf3e620ce5bb8e
      url: "https://pub.dev"
    source: hosted
    version: "5.2.0"
  flutter_test:
    dependency: "direct dev"
    description: flutter
    source: sdk
    version: "0.0.0"
  flutter_web_plugins:
    dependency: transitive
    description: flutter
    source: sdk
    version: "0.0.0"
  font_awesome_flutter:
    dependency: "direct main"
    description:
      name: font_awesome_flutter
      sha256: "959ef4add147753f990b4a7c6cccb746d5792dbdc81b1cde99e62e7edb31b206"
      url: "https://pub.dev"
    source: hosted
    version: "10.4.0"
  http_parser:
    dependency: transitive
    description:
      name: http_parser
      sha256: "2aa08ce0341cc9b354a498388e30986515406668dbcc4f7c950c3e715496693b"
      url: "https://pub.dev"
    source: hosted
    version: "4.0.2"
  js:
    dependency: transitive
    description:
      name: js
      sha256: "5528c2f391ededb7775ec1daa69e65a2d61276f7552de2b5f7b8d34ee9fd4ab7"
      url: "https://pub.dev"
    source: hosted
    version: "0.6.5"
  lints:
    dependency: transitive
    description:
      name: lints
      sha256: "5cfd6509652ff5e7fe149b6df4859e687fca9048437857cb2e65c8d780f396e3"
      url: "https://pub.dev"
    source: hosted
    version: "2.0.0"
  marquee:
    dependency: transitive
    description:
      name: marquee
      sha256: "4b5243d2804373bdc25fc93d42c3b402d6ec1f4ee8d0bb72276edd04ae7addb8"
      url: "https://pub.dev"
    source: hosted
    version: "2.2.3"
  matcher:
    dependency: transitive
    description:
      name: matcher
      sha256: "16db949ceee371e9b99d22f88fa3a73c4e59fd0afed0bd25fc336eb76c198b72"
      url: "https://pub.dev"
    source: hosted
    version: "0.12.13"
  material_color_utilities:
    dependency: transitive
    description:
      name: material_color_utilities
      sha256: d92141dc6fe1dad30722f9aa826c7fbc896d021d792f80678280601aff8cf724
      url: "https://pub.dev"
    source: hosted
    version: "0.2.0"
  meta:
    dependency: transitive
    description:
      name: meta
      sha256: "6c268b42ed578a53088d834796959e4a1814b5e9e164f147f580a386e5decf42"
      url: "https://pub.dev"
    source: hosted
    version: "1.8.0"
  mime:
    dependency: "direct main"
    description:
      name: mime
      sha256: dab22e92b41aa1255ea90ddc4bc2feaf35544fd0728e209638cad041a6e3928a
      url: "https://pub.dev"
    source: hosted
    version: "1.0.2"
  nested:
    dependency: transitive
    description:
      name: nested
      sha256: "03bac4c528c64c95c722ec99280375a6f2fc708eec17c7b3f07253b626cd2a20"
      url: "https://pub.dev"
    source: hosted
    version: "1.0.0"
  path:
    dependency: transitive
    description:
      name: path
      sha256: db9d4f58c908a4ba5953fcee2ae317c94889433e5024c27ce74a37f94267945b
      url: "https://pub.dev"
    source: hosted
    version: "1.8.2"
  provider:
    dependency: transitive
    description:
      name: provider
      sha256: "59471e0a4595e264625d3496af567ac85bdae1148ec985aff1e0555786f53ecf"
      url: "https://pub.dev"
    source: hosted
    version: "5.0.0"
  screen_retriever:
    dependency: transitive
    description:
      name: screen_retriever
      sha256: "7e7782db467dc5dc6ad2c0c5732276c67d0441308b251ac7b6e6a0ad7ad0619d"
      url: "https://pub.dev"
    source: hosted
    version: "0.1.2"
  simple_animations:
    dependency: "direct main"
    description:
      name: simple_animations
      sha256: "1f11ba904a5ad9d1fbfbe29ae2c1beee994d5f974b7f70f4c071ffaac5e135fd"
      url: "https://pub.dev"
    source: hosted
    version: "1.3.12"
  sky_engine:
    dependency: transitive
    description: flutter
    source: sdk
    version: "0.0.99"
  source_span:
    dependency: transitive
    description:
      name: source_span
      sha256: dd904f795d4b4f3b870833847c461801f6750a9fa8e61ea5ac53f9422b31f250
      url: "https://pub.dev"
    source: hosted
    version: "1.9.1"
  stack_trace:
    dependency: transitive
    description:
      name: stack_trace
      sha256: c3c7d8edb15bee7f0f74debd4b9c5f3c2ea86766fe4178eb2a18eb30a0bdaed5
      url: "https://pub.dev"
    source: hosted
    version: "1.11.0"
  stream_channel:
    dependency: transitive
    description:
      name: stream_channel
      sha256: "83615bee9045c1d322bbbd1ba209b7a749c2cbcdcb3fdd1df8eb488b3279c1c8"
      url: "https://pub.dev"
    source: hosted
    version: "2.1.1"
  string_scanner:
    dependency: transitive
    description:
      name: string_scanner
      sha256: "556692adab6cfa87322a115640c11f13cb77b3f076ddcc5d6ae3c20242bedcde"
      url: "https://pub.dev"
    source: hosted
    version: "1.2.0"
  term_glyph:
    dependency: transitive
    description:
      name: term_glyph
      sha256: a29248a84fbb7c79282b40b8c72a1209db169a2e0542bce341da992fe1bc7e84
      url: "https://pub.dev"
    source: hosted
    version: "1.2.1"
  test_api:
    dependency: transitive
    description:
      name: test_api
      sha256: ad540f65f92caa91bf21dfc8ffb8c589d6e4dc0c2267818b4cc2792857706206
      url: "https://pub.dev"
    source: hosted
    version: "0.4.16"
  toasta:
    dependency: "direct main"
    description:
      name: toasta
      sha256: "6ede9c2f4bfdae9f68479dde7bb1a96d32b4cb0e40061d75d5fd4698f17d0290"
      url: "https://pub.dev"
    source: hosted
    version: "1.0.4"
  typed_data:
    dependency: transitive
    description:
      name: typed_data
      sha256: facc8d6582f16042dd49f2463ff1bd6e2c9ef9f3d5da3d9b087e244a7b564b3c
      url: "https://pub.dev"
    source: hosted
    version: "1.3.2"
  vector_math:
    dependency: transitive
    description:
      name: vector_math
      sha256: "80b3257d1492ce4d091729e3a67a60407d227c27241d6927be0130c98e741803"
      url: "https://pub.dev"
    source: hosted
    version: "2.1.4"
  window_manager:
    dependency: "direct main"
    description:
      name: window_manager
      sha256: "87ce3fe988b0ca67254333e356266601a453f3dd721e8eaf24794fb3bafc6fcd"
      url: "https://pub.dev"
    source: hosted
    version: "0.2.5"
sdks:
  dart: ">=2.18.6 <3.0.0"
  flutter: ">=3.0.0"
